# This file is automatically @generated by Cargo.
# It is not intended for manual editing.
version = 4

[[package]]
name = "brokkr-adapt"
version = "0.1.0"
dependencies = [
 "brokkr-core",
 "brokkr-crypto",
 "brokkr-sentinel",
]

[[package]]
name = "brokkr-audit"
version = "0.1.0"
dependencies = [
 "brokkr-core",
 "brokkr-crypto",
]

[[package]]
name = "brokkr-barrier"
version = "0.1.0"
dependencies = [
 "brokkr-core",
 "brokkr-crypto",
]

[[package]]
name = "brokkr-bifrost"
version = "0.1.0"
dependencies = [
 "brokkr-barrier",
 "brokkr-core",
 "brokkr-crypto",
]

[[package]]
name = "brokkr-core"
version = "0.1.0"

[[package]]
name = "brokkr-crypto"
version = "0.1.0"
dependencies = [
 "brokkr-core",
]

[[package]]
name = "brokkr-gate"
version = "0.1.0"
dependencies = [
 "brokkr-core",
 "brokkr-crypto",
 "brokkr-intent",
]

[[package]]
name = "brokkr-genome"
version = "0.1.0"
dependencies = [
 "brokkr-core",
 "brokkr-crypto",
]

[[package]]
name = "brokkr-intent"
version = "0.1.0"
dependencies = [
 "brokkr-core",
 "brokkr-crypto",
]

[[package]]
name = "brokkr-reasoner"
version = "0.1.0"
dependencies = [
 "brokkr-barrier",
 "brokkr-bifrost",
 "brokkr-core",
]

[[package]]
name = "brokkr-sentinel"
version = "0.1.0"
dependencies = [
 "brokkr-core",
 "brokkr-crypto",
]

[[package]]
name = "brokkr-tools"
version = "0.1.0"
dependencies = [
 "brokkr-core",
]
